
Microsoft Visual Studio Solution File, Format Version 12.00
# Visual Studio 14
VisualStudioVersion = 14.0.25420.1
MinimumVisualStudioVersion = 10.0.40219.1
Project("{8BC9CEB8-8B4A-11D0-8D11-00A0C91BC942}") = "MainProgram", "MainProgram\MainProgram.vcxproj", "{AA1237BC-DF6D-40C1-AE79-A25BBA762AAB}"
EndProject
Project("{8BC9CEB8-8B4A-11D0-8D11-00A0C91BC942}") = "StringReplace", "StringReplace\StringReplace.vcxproj", "{ED543F4F-DECF-4017-84BA-4719A6EBDA30}"
EndProject
Project("{8BC9CEB8-8B4A-11D0-8D11-00A0C91BC942}") = "SomeLibrary", "SomeLibrary\SomeLibrary.vcxproj", "{768F884C-9931-4BBB-9D82-1ABD55AD10DA}"
EndProject
Project("{8BC9CEB8-8B4A-11D0-8D11-00A0C91BC942}") = "DynamicLibrary", "DynamicLibrary\DynamicLibrary.vcxproj", "{C941F146-27A2-4133-A5C1-85F5DD70359D}"
EndProject
Project("{8BC9CEB8-8B4A-11D0-8D11-00A0C91BC942}") = "DemoProcess", "DemoProcess\DemoProcess.vcxproj", "{AA7ED495-EBFA-4EA9-80FE-F9A103E60839}"
EndProject
Global
	GlobalSection(SolutionConfigurationPlatforms) = preSolution
		Debug|ARM = Debug|ARM
		Debug|x64 = Debug|x64
		Debug|x86 = Debug|x86
		Release|ARM = Release|ARM
		Release|x64 = Release|x64
		Release|x86 = Release|x86
	EndGlobalSection
	GlobalSection(ProjectConfigurationPlatforms) = postSolution
		{AA1237BC-DF6D-40C1-AE79-A25BBA762AAB}.Debug|ARM.ActiveCfg = Debug|Win32
		{AA1237BC-DF6D-40C1-AE79-A25BBA762AAB}.Debug|x64.ActiveCfg = Debug|x64
		{AA1237BC-DF6D-40C1-AE79-A25BBA762AAB}.Debug|x64.Build.0 = Debug|x64
		{AA1237BC-DF6D-40C1-AE79-A25BBA762AAB}.Debug|x86.ActiveCfg = Debug|Win32
		{AA1237BC-DF6D-40C1-AE79-A25BBA762AAB}.Debug|x86.Build.0 = Debug|Win32
		{AA1237BC-DF6D-40C1-AE79-A25BBA762AAB}.Release|ARM.ActiveCfg = Release|Win32
		{AA1237BC-DF6D-40C1-AE79-A25BBA762AAB}.Release|x64.ActiveCfg = Release|x64
		{AA1237BC-DF6D-40C1-AE79-A25BBA762AAB}.Release|x64.Build.0 = Release|x64
		{AA1237BC-DF6D-40C1-AE79-A25BBA762AAB}.Release|x86.ActiveCfg = Release|Win32
		{AA1237BC-DF6D-40C1-AE79-A25BBA762AAB}.Release|x86.Build.0 = Release|Win32
		{ED543F4F-DECF-4017-84BA-4719A6EBDA30}.Debug|ARM.ActiveCfg = Debug|Win32
		{ED543F4F-DECF-4017-84BA-4719A6EBDA30}.Debug|x64.ActiveCfg = Debug|x64
		{ED543F4F-DECF-4017-84BA-4719A6EBDA30}.Debug|x64.Build.0 = Debug|x64
		{ED543F4F-DECF-4017-84BA-4719A6EBDA30}.Debug|x86.ActiveCfg = Debug|Win32
		{ED543F4F-DECF-4017-84BA-4719A6EBDA30}.Debug|x86.Build.0 = Debug|Win32
		{ED543F4F-DECF-4017-84BA-4719A6EBDA30}.Release|ARM.ActiveCfg = Release|Win32
		{ED543F4F-DECF-4017-84BA-4719A6EBDA30}.Release|x64.ActiveCfg = Release|x64
		{ED543F4F-DECF-4017-84BA-4719A6EBDA30}.Release|x64.Build.0 = Release|x64
		{ED543F4F-DECF-4017-84BA-4719A6EBDA30}.Release|x86.ActiveCfg = Release|Win32
		{ED543F4F-DECF-4017-84BA-4719A6EBDA30}.Release|x86.Build.0 = Release|Win32
		{768F884C-9931-4BBB-9D82-1ABD55AD10DA}.Debug|ARM.ActiveCfg = Debug|Win32
		{768F884C-9931-4BBB-9D82-1ABD55AD10DA}.Debug|x64.ActiveCfg = Debug|x64
		{768F884C-9931-4BBB-9D82-1ABD55AD10DA}.Debug|x64.Build.0 = Debug|x64
		{768F884C-9931-4BBB-9D82-1ABD55AD10DA}.Debug|x86.ActiveCfg = Debug|Win32
		{768F884C-9931-4BBB-9D82-1ABD55AD10DA}.Debug|x86.Build.0 = Debug|Win32
		{768F884C-9931-4BBB-9D82-1ABD55AD10DA}.Release|ARM.ActiveCfg = Release|Win32
		{768F884C-9931-4BBB-9D82-1ABD55AD10DA}.Release|x64.ActiveCfg = Release|x64
		{768F884C-9931-4BBB-9D82-1ABD55AD10DA}.Release|x64.Build.0 = Release|x64
		{768F884C-9931-4BBB-9D82-1ABD55AD10DA}.Release|x86.ActiveCfg = Release|Win32
		{768F884C-9931-4BBB-9D82-1ABD55AD10DA}.Release|x86.Build.0 = Release|Win32
		{C941F146-27A2-4133-A5C1-85F5DD70359D}.Debug|ARM.ActiveCfg = Debug|Win32
		{C941F146-27A2-4133-A5C1-85F5DD70359D}.Debug|x64.ActiveCfg = Debug|x64
		{C941F146-27A2-4133-A5C1-85F5DD70359D}.Debug|x64.Build.0 = Debug|x64
		{C941F146-27A2-4133-A5C1-85F5DD70359D}.Debug|x86.ActiveCfg = Debug|Win32
		{C941F146-27A2-4133-A5C1-85F5DD70359D}.Debug|x86.Build.0 = Debug|Win32
		{C941F146-27A2-4133-A5C1-85F5DD70359D}.Release|ARM.ActiveCfg = Release|Win32
		{C941F146-27A2-4133-A5C1-85F5DD70359D}.Release|x64.ActiveCfg = Release|x64
		{C941F146-27A2-4133-A5C1-85F5DD70359D}.Release|x64.Build.0 = Release|x64
		{C941F146-27A2-4133-A5C1-85F5DD70359D}.Release|x86.ActiveCfg = Release|Win32
		{C941F146-27A2-4133-A5C1-85F5DD70359D}.Release|x86.Build.0 = Release|Win32
		{AA7ED495-EBFA-4EA9-80FE-F9A103E60839}.Debug|ARM.ActiveCfg = Debug|Win32
		{AA7ED495-EBFA-4EA9-80FE-F9A103E60839}.Debug|x64.ActiveCfg = Debug|x64
		{AA7ED495-EBFA-4EA9-80FE-F9A103E60839}.Debug|x64.Build.0 = Debug|x64
		{AA7ED495-EBFA-4EA9-80FE-F9A103E60839}.Debug|x86.ActiveCfg = Debug|Win32
		{AA7ED495-EBFA-4EA9-80FE-F9A103E60839}.Debug|x86.Build.0 = Debug|Win32
		{AA7ED495-EBFA-4EA9-80FE-F9A103E60839}.Release|ARM.ActiveCfg = Release|Win32
		{AA7ED495-EBFA-4EA9-80FE-F9A103E60839}.Release|x64.ActiveCfg = Release|x64
		{AA7ED495-EBFA-4EA9-80FE-F9A103E60839}.Release|x64.Build.0 = Release|x64
		{AA7ED495-EBFA-4EA9-80FE-F9A103E60839}.Release|x86.ActiveCfg = Release|Win32
		{AA7ED495-EBFA-4EA9-80FE-F9A103E60839}.Release|x86.Build.0 = Release|Win32
	EndGlobalSection
	GlobalSection(SolutionProperties) = preSolution
		HideSolutionNode = FALSE
	EndGlobalSection
EndGlobal
